
Microsoft Visual Studio Solution File, Format Version 12.00
# Visual Studio 14
VisualStudioVersion = 14.0.25420.1
MinimumVisualStudioVersion = 10.0.40219.1
Project("{FAE04EC0-301F-11D3-BF4B-00C04F79EFBC}") = "pg3", "pg3\pg3.csproj", "{B58474A3-68C7-4A9D-A8C8-EC57FD3D8795}"
EndProject
Global
	GlobalSection(SolutionConfigurationPlatforms) = preSolution
		Debug|Any CPU = Debug|Any CPU
		Release|Any CPU = Release|Any CPU
	EndGlobalSection
	GlobalSection(ProjectConfigurationPlatforms) = postSolution
		{B58474A3-68C7-4A9D-A8C8-EC57FD3D8795}.Debug|Any CPU.ActiveCfg = Debug|Any CPU
		{B58474A3-68C7-4A9D-A8C8-EC57FD3D8795}.Debug|Any CPU.Build.0 = Debug|Any CPU
		{B58474A3-68C7-4A9D-A8C8-EC57FD3D8795}.Release|Any CPU.ActiveCfg = Release|Any CPU
		{B58474A3-68C7-4A9D-A8C8-EC57FD3D8795}.Release|Any CPU.Build.0 = Release|Any CPU
	EndGlobalSection
	GlobalSection(SolutionProperties) = preSolution
		HideSolutionNode = FALSE
	EndGlobalSection
EndGlobal
